// !$*UTF8*$!
{
	archiveVersion = 1;
	classes = {
	};
	objectVersion = 52;
	objects = {

/* Begin PBXBuildFile section */
		C5ACF6DA261ABC1700AB8BC7 /* AppDelegate.swift in Sources */ = {isa = PBXBuildFile; fileRef = C5ACF6D9261ABC1700AB8BC7 /* AppDelegate.swift */; };
		C5ACF6DC261ABC1700AB8BC7 /* SceneDelegate.swift in Sources */ = {isa = PBXBuildFile; fileRef = C5ACF6DB261ABC1700AB8BC7 /* SceneDelegate.swift */; };
		C5ACF6E3261ABC1900AB8BC7 /* Assets.xcassets in Resources */ = {isa = PBXBuildFile; fileRef = C5ACF6E2261ABC1900AB8BC7 /* Assets.xcassets */; };
		C5ACF6E6261ABC1900AB8BC7 /* LaunchScreen.storyboard in Resources */ = {isa = PBXBuildFile; fileRef = C5ACF6E4261ABC1900AB8BC7 /* LaunchScreen.storyboard */; };
		C5ACF6F1261ABC1900AB8BC7 /* MyCarTests.swift in Sources */ = {isa = PBXBuildFile; fileRef = C5ACF6F0261ABC1900AB8BC7 /* MyCarTests.swift */; };
		C5ACF720261ABDBA00AB8BC7 /* Swinject in Frameworks */ = {isa = PBXBuildFile; productRef = C5ACF71F261ABDBA00AB8BC7 /* Swinject */; };
		C5ACF731261ABF6400AB8BC7 /* RxSwift in Frameworks */ = {isa = PBXBuildFile; productRef = C5ACF730261ABF6400AB8BC7 /* RxSwift */; };
		C5ACF735261ABF6400AB8BC7 /* RxRelay in Frameworks */ = {isa = PBXBuildFile; productRef = C5ACF734261ABF6400AB8BC7 /* RxRelay */; };
		C5ACF737261ABF6400AB8BC7 /* RxCocoa in Frameworks */ = {isa = PBXBuildFile; productRef = C5ACF736261ABF6400AB8BC7 /* RxCocoa */; };
		C5ACF740261ABFD700AB8BC7 /* SwiftyMocky in Frameworks */ = {isa = PBXBuildFile; productRef = C5ACF73F261ABFD700AB8BC7 /* SwiftyMocky */; };
		C5ACF74B261AC5CA00AB8BC7 /* NetworkClient.swift in Sources */ = {isa = PBXBuildFile; fileRef = C5ACF74A261AC5CA00AB8BC7 /* NetworkClient.swift */; };
		C5ACF76A261ACEAB00AB8BC7 /* HTTPNetworkError.swift in Sources */ = {isa = PBXBuildFile; fileRef = C5ACF769261ACEAB00AB8BC7 /* HTTPNetworkError.swift */; };
		C5ACF76E261AD2EE00AB8BC7 /* AppManager.swift in Sources */ = {isa = PBXBuildFile; fileRef = C5ACF76D261AD2EE00AB8BC7 /* AppManager.swift */; };
		C5ACF773261AD33900AB8BC7 /* AppAssembly.swift in Sources */ = {isa = PBXBuildFile; fileRef = C5ACF772261AD33900AB8BC7 /* AppAssembly.swift */; };
		C5ACF779261AD3B400AB8BC7 /* NetworkConstants.swift in Sources */ = {isa = PBXBuildFile; fileRef = C5ACF778261AD3B400AB8BC7 /* NetworkConstants.swift */; };
		C5ACF77E261AD73E00AB8BC7 /* CarAPI.swift in Sources */ = {isa = PBXBuildFile; fileRef = C5ACF77D261AD73E00AB8BC7 /* CarAPI.swift */; };
		C5ACF78B261AD82A00AB8BC7 /* ManufacturerResponse.swift in Sources */ = {isa = PBXBuildFile; fileRef = C5ACF78A261AD82A00AB8BC7 /* ManufacturerResponse.swift */; };
		C5ACF793261AD95700AB8BC7 /* CarModelResponse.swift in Sources */ = {isa = PBXBuildFile; fileRef = C5ACF792261AD95700AB8BC7 /* CarModelResponse.swift */; };
		C5ACF797261AF17D00AB8BC7 /* ResponseDecoder.swift in Sources */ = {isa = PBXBuildFile; fileRef = C5ACF796261AF17D00AB8BC7 /* ResponseDecoder.swift */; };
		C5ACF79B261AF8A400AB8BC7 /* Mock.generated.swift in Sources */ = {isa = PBXBuildFile; fileRef = C5ACF79A261AF8A400AB8BC7 /* Mock.generated.swift */; };
		C5ACF7AB261B118C00AB8BC7 /* ManufacturersViewController.swift in Sources */ = {isa = PBXBuildFile; fileRef = C5ACF7AA261B118C00AB8BC7 /* ManufacturersViewController.swift */; };
		C5ACF7B6261B13C200AB8BC7 /* MyCarTableViewCell.swift in Sources */ = {isa = PBXBuildFile; fileRef = C5ACF7B5261B13C200AB8BC7 /* MyCarTableViewCell.swift */; };
		C5ACF7BA261B13F500AB8BC7 /* MyCarTableViewCell.xib in Resources */ = {isa = PBXBuildFile; fileRef = C5ACF7B9261B13F500AB8BC7 /* MyCarTableViewCell.xib */; };
		C5ACF7C1261B15E700AB8BC7 /* ManufacturersViewModel.swift in Sources */ = {isa = PBXBuildFile; fileRef = C5ACF7C0261B15E700AB8BC7 /* ManufacturersViewModel.swift */; };
		C5ACF7C8261B1C4C00AB8BC7 /* UIViewController+Extension.swift in Sources */ = {isa = PBXBuildFile; fileRef = C5ACF7C7261B1C4C00AB8BC7 /* UIViewController+Extension.swift */; };
		C5ACF7CE261B1C6600AB8BC7 /* BaseRouterType.swift in Sources */ = {isa = PBXBuildFile; fileRef = C5ACF7CD261B1C6600AB8BC7 /* BaseRouterType.swift */; };
		C5ACF7D2261B1C8500AB8BC7 /* AppRouterType.swift in Sources */ = {isa = PBXBuildFile; fileRef = C5ACF7D1261B1C8500AB8BC7 /* AppRouterType.swift */; };
		C5ACF7E1261B1E5200AB8BC7 /* ManufacturersViewModelTests.swift in Sources */ = {isa = PBXBuildFile; fileRef = C5ACF7E0261B1E5200AB8BC7 /* ManufacturersViewModelTests.swift */; };
		C5ACF7EA261B1E8200AB8BC7 /* DecoderTests.swift in Sources */ = {isa = PBXBuildFile; fileRef = C5ACF7E9261B1E8200AB8BC7 /* DecoderTests.swift */; };
		C5ACF7F6261B266300AB8BC7 /* CarModelsViewModel.swift in Sources */ = {isa = PBXBuildFile; fileRef = C5ACF7F5261B266300AB8BC7 /* CarModelsViewModel.swift */; };
		C5ACF7FA261B282E00AB8BC7 /* CarModelsViewModelTests.swift in Sources */ = {isa = PBXBuildFile; fileRef = C5ACF7F9261B282E00AB8BC7 /* CarModelsViewModelTests.swift */; };
		C5ACF803261B2DAD00AB8BC7 /* Cars.storyboard in Resources */ = {isa = PBXBuildFile; fileRef = C5ACF802261B2DAD00AB8BC7 /* Cars.storyboard */; };
/* End PBXBuildFile section */

/* Begin PBXContainerItemProxy section */
		C5ACF6ED261ABC1900AB8BC7 /* PBXContainerItemProxy */ = {
			isa = PBXContainerItemProxy;
			containerPortal = C5ACF6CE261ABC1700AB8BC7 /* Project object */;
			proxyType = 1;
			remoteGlobalIDString = C5ACF6D5261ABC1700AB8BC7;
			remoteInfo = MyCar;
		};
/* End PBXContainerItemProxy section */

/* Begin PBXFileReference section */
		C5ACF6D6261ABC1700AB8BC7 /* MyCar.app */ = {isa = PBXFileReference; explicitFileType = wrapper.application; includeInIndex = 0; path = MyCar.app; sourceTree = BUILT_PRODUCTS_DIR; };
		C5ACF6D9261ABC1700AB8BC7 /* AppDelegate.swift */ = {isa = PBXFileReference; lastKnownFileType = sourcecode.swift; path = AppDelegate.swift; sourceTree = "<group>"; };
		C5ACF6DB261ABC1700AB8BC7 /* SceneDelegate.swift */ = {isa = PBXFileReference; lastKnownFileType = sourcecode.swift; path = SceneDelegate.swift; sourceTree = "<group>"; };
		C5ACF6E2261ABC1900AB8BC7 /* Assets.xcassets */ = {isa = PBXFileReference; lastKnownFileType = folder.assetcatalog; path = Assets.xcassets; sourceTree = "<group>"; };
		C5ACF6E5261ABC1900AB8BC7 /* Base */ = {isa = PBXFileReference; lastKnownFileType = file.storyboard; name = Base; path = Base.lproj/LaunchScreen.storyboard; sourceTree = "<group>"; };
		C5ACF6E7261ABC1900AB8BC7 /* Info.plist */ = {isa = PBXFileReference; lastKnownFileType = text.plist.xml; path = Info.plist; sourceTree = "<group>"; };
		C5ACF6EC261ABC1900AB8BC7 /* MyCarTests.xctest */ = {isa = PBXFileReference; explicitFileType = wrapper.cfbundle; includeInIndex = 0; path = MyCarTests.xctest; sourceTree = BUILT_PRODUCTS_DIR; };
		C5ACF6F0261ABC1900AB8BC7 /* MyCarTests.swift */ = {isa = PBXFileReference; lastKnownFileType = sourcecode.swift; path = MyCarTests.swift; sourceTree = "<group>"; };
		C5ACF6F2261ABC1900AB8BC7 /* Info.plist */ = {isa = PBXFileReference; lastKnownFileType = text.plist.xml; path = Info.plist; sourceTree = "<group>"; };
		C5ACF74A261AC5CA00AB8BC7 /* NetworkClient.swift */ = {isa = PBXFileReference; lastKnownFileType = sourcecode.swift; path = NetworkClient.swift; sourceTree = "<group>"; };
		C5ACF769261ACEAB00AB8BC7 /* HTTPNetworkError.swift */ = {isa = PBXFileReference; lastKnownFileType = sourcecode.swift; path = HTTPNetworkError.swift; sourceTree = "<group>"; };
		C5ACF76D261AD2EE00AB8BC7 /* AppManager.swift */ = {isa = PBXFileReference; lastKnownFileType = sourcecode.swift; path = AppManager.swift; sourceTree = "<group>"; };
		C5ACF772261AD33900AB8BC7 /* AppAssembly.swift */ = {isa = PBXFileReference; lastKnownFileType = sourcecode.swift; path = AppAssembly.swift; sourceTree = "<group>"; };
		C5ACF778261AD3B400AB8BC7 /* NetworkConstants.swift */ = {isa = PBXFileReference; lastKnownFileType = sourcecode.swift; path = NetworkConstants.swift; sourceTree = "<group>"; };
		C5ACF77D261AD73E00AB8BC7 /* CarAPI.swift */ = {isa = PBXFileReference; lastKnownFileType = sourcecode.swift; path = CarAPI.swift; sourceTree = "<group>"; };
		C5ACF78A261AD82A00AB8BC7 /* ManufacturerResponse.swift */ = {isa = PBXFileReference; lastKnownFileType = sourcecode.swift; path = ManufacturerResponse.swift; sourceTree = "<group>"; };
		C5ACF792261AD95700AB8BC7 /* CarModelResponse.swift */ = {isa = PBXFileReference; lastKnownFileType = sourcecode.swift; path = CarModelResponse.swift; sourceTree = "<group>"; };
		C5ACF796261AF17D00AB8BC7 /* ResponseDecoder.swift */ = {isa = PBXFileReference; lastKnownFileType = sourcecode.swift; path = ResponseDecoder.swift; sourceTree = "<group>"; };
		C5ACF79A261AF8A400AB8BC7 /* Mock.generated.swift */ = {isa = PBXFileReference; fileEncoding = 4; lastKnownFileType = sourcecode.swift; path = Mock.generated.swift; sourceTree = "<group>"; };
		C5ACF7AA261B118C00AB8BC7 /* ManufacturersViewController.swift */ = {isa = PBXFileReference; lastKnownFileType = sourcecode.swift; path = ManufacturersViewController.swift; sourceTree = "<group>"; };
		C5ACF7B5261B13C200AB8BC7 /* MyCarTableViewCell.swift */ = {isa = PBXFileReference; lastKnownFileType = sourcecode.swift; path = MyCarTableViewCell.swift; sourceTree = "<group>"; };
		C5ACF7B9261B13F500AB8BC7 /* MyCarTableViewCell.xib */ = {isa = PBXFileReference; lastKnownFileType = file.xib; path = MyCarTableViewCell.xib; sourceTree = "<group>"; };
		C5ACF7C0261B15E700AB8BC7 /* ManufacturersViewModel.swift */ = {isa = PBXFileReference; lastKnownFileType = sourcecode.swift; path = ManufacturersViewModel.swift; sourceTree = "<group>"; };
		C5ACF7C7261B1C4C00AB8BC7 /* UIViewController+Extension.swift */ = {isa = PBXFileReference; lastKnownFileType = sourcecode.swift; path = "UIViewController+Extension.swift"; sourceTree = "<group>"; };
		C5ACF7CD261B1C6600AB8BC7 /* BaseRouterType.swift */ = {isa = PBXFileReference; lastKnownFileType = sourcecode.swift; path = BaseRouterType.swift; sourceTree = "<group>"; };
		C5ACF7D1261B1C8500AB8BC7 /* AppRouterType.swift */ = {isa = PBXFileReference; lastKnownFileType = sourcecode.swift; path = AppRouterType.swift; sourceTree = "<group>"; };
		C5ACF7E0261B1E5200AB8BC7 /* ManufacturersViewModelTests.swift */ = {isa = PBXFileReference; lastKnownFileType = sourcecode.swift; path = ManufacturersViewModelTests.swift; sourceTree = "<group>"; };
		C5ACF7E9261B1E8200AB8BC7 /* DecoderTests.swift */ = {isa = PBXFileReference; fileEncoding = 4; lastKnownFileType = sourcecode.swift; path = DecoderTests.swift; sourceTree = "<group>"; };
		C5ACF7F5261B266300AB8BC7 /* CarModelsViewModel.swift */ = {isa = PBXFileReference; lastKnownFileType = sourcecode.swift; path = CarModelsViewModel.swift; sourceTree = "<group>"; };
		C5ACF7F9261B282E00AB8BC7 /* CarModelsViewModelTests.swift */ = {isa = PBXFileReference; lastKnownFileType = sourcecode.swift; path = CarModelsViewModelTests.swift; sourceTree = "<group>"; };
		C5ACF802261B2DAD00AB8BC7 /* Cars.storyboard */ = {isa = PBXFileReference; lastKnownFileType = file.storyboard; path = Cars.storyboard; sourceTree = "<group>"; };
/* End PBXFileReference section */

/* Begin PBXFrameworksBuildPhase section */
		C5ACF6D3261ABC1700AB8BC7 /* Frameworks */ = {
			isa = PBXFrameworksBuildPhase;
			buildActionMask = 2147483647;
			files = (
				C5ACF735261ABF6400AB8BC7 /* RxRelay in Frameworks */,
				C5ACF737261ABF6400AB8BC7 /* RxCocoa in Frameworks */,
				C5ACF731261ABF6400AB8BC7 /* RxSwift in Frameworks */,
				C5ACF720261ABDBA00AB8BC7 /* Swinject in Frameworks */,
			);
			runOnlyForDeploymentPostprocessing = 0;
		};
		C5ACF6E9261ABC1900AB8BC7 /* Frameworks */ = {
			isa = PBXFrameworksBuildPhase;
			buildActionMask = 2147483647;
			files = (
				C5ACF740261ABFD700AB8BC7 /* SwiftyMocky in Frameworks */,
			);
			runOnlyForDeploymentPostprocessing = 0;
		};
/* End PBXFrameworksBuildPhase section */

/* Begin PBXGroup section */
		C5ACF6CD261ABC1700AB8BC7 = {
			isa = PBXGroup;
			children = (
				C5ACF6D8261ABC1700AB8BC7 /* MyCar */,
				C5ACF6EF261ABC1900AB8BC7 /* MyCarTests */,
				C5ACF6D7261ABC1700AB8BC7 /* Products */,
				C5ACF73E261ABFD700AB8BC7 /* Frameworks */,
			);
			sourceTree = "<group>";
		};
		C5ACF6D7261ABC1700AB8BC7 /* Products */ = {
			isa = PBXGroup;
			children = (
				C5ACF6D6261ABC1700AB8BC7 /* MyCar.app */,
				C5ACF6EC261ABC1900AB8BC7 /* MyCarTests.xctest */,
			);
			name = Products;
			sourceTree = "<group>";
		};
		C5ACF6D8261ABC1700AB8BC7 /* MyCar */ = {
			isa = PBXGroup;
			children = (
				C5ACF801261B2D8C00AB8BC7 /* Stortyboards */,
				C5ACF7C6261B1C2B00AB8BC7 /* Router */,
				C5ACF7BF261B15D600AB8BC7 /* ViewModels */,
				C5ACF7B2261B13A400AB8BC7 /* Views */,
				C5ACF7A9261B117000AB8BC7 /* ViewControllers */,
				C5ACF789261AD80B00AB8BC7 /* Model */,
				C5ACF77C261AD72B00AB8BC7 /* API */,
				C5ACF771261AD32D00AB8BC7 /* Assembly */,
				C5ACF749261AC5B800AB8BC7 /* Network */,
				C5ACF6D9261ABC1700AB8BC7 /* AppDelegate.swift */,
				C5ACF6DB261ABC1700AB8BC7 /* SceneDelegate.swift */,
				C5ACF6E2261ABC1900AB8BC7 /* Assets.xcassets */,
				C5ACF6E4261ABC1900AB8BC7 /* LaunchScreen.storyboard */,
				C5ACF6E7261ABC1900AB8BC7 /* Info.plist */,
				C5ACF76D261AD2EE00AB8BC7 /* AppManager.swift */,
			);
			path = MyCar;
			sourceTree = "<group>";
		};
		C5ACF6EF261ABC1900AB8BC7 /* MyCarTests */ = {
			isa = PBXGroup;
			children = (
				C5ACF7E4261B1E5600AB8BC7 /* OtherTests */,
				C5ACF7DB261B1E3100AB8BC7 /* ViewModelTests */,
				C5ACF79A261AF8A400AB8BC7 /* Mock.generated.swift */,
				C5ACF6F0261ABC1900AB8BC7 /* MyCarTests.swift */,
				C5ACF6F2261ABC1900AB8BC7 /* Info.plist */,
			);
			path = MyCarTests;
			sourceTree = "<group>";
		};
		C5ACF73E261ABFD700AB8BC7 /* Frameworks */ = {
			isa = PBXGroup;
			children = (
			);
			name = Frameworks;
			sourceTree = "<group>";
		};
		C5ACF749261AC5B800AB8BC7 /* Network */ = {
			isa = PBXGroup;
			children = (
				C5ACF74A261AC5CA00AB8BC7 /* NetworkClient.swift */,
				C5ACF769261ACEAB00AB8BC7 /* HTTPNetworkError.swift */,
				C5ACF778261AD3B400AB8BC7 /* NetworkConstants.swift */,
			);
			path = Network;
			sourceTree = "<group>";
		};
		C5ACF771261AD32D00AB8BC7 /* Assembly */ = {
			isa = PBXGroup;
			children = (
				C5ACF772261AD33900AB8BC7 /* AppAssembly.swift */,
			);
			path = Assembly;
			sourceTree = "<group>";
		};
		C5ACF77C261AD72B00AB8BC7 /* API */ = {
			isa = PBXGroup;
			children = (
				C5ACF77D261AD73E00AB8BC7 /* CarAPI.swift */,
			);
			path = API;
			sourceTree = "<group>";
		};
		C5ACF789261AD80B00AB8BC7 /* Model */ = {
			isa = PBXGroup;
			children = (
				C5ACF78A261AD82A00AB8BC7 /* ManufacturerResponse.swift */,
				C5ACF792261AD95700AB8BC7 /* CarModelResponse.swift */,
				C5ACF796261AF17D00AB8BC7 /* ResponseDecoder.swift */,
			);
			path = Model;
			sourceTree = "<group>";
		};
		C5ACF7A9261B117000AB8BC7 /* ViewControllers */ = {
			isa = PBXGroup;
			children = (
				C5ACF7AA261B118C00AB8BC7 /* ManufacturersViewController.swift */,
			);
			path = ViewControllers;
			sourceTree = "<group>";
		};
		C5ACF7B2261B13A400AB8BC7 /* Views */ = {
			isa = PBXGroup;
			children = (
				C5ACF7B5261B13C200AB8BC7 /* MyCarTableViewCell.swift */,
				C5ACF7B9261B13F500AB8BC7 /* MyCarTableViewCell.xib */,
			);
			path = Views;
			sourceTree = "<group>";
		};
		C5ACF7BF261B15D600AB8BC7 /* ViewModels */ = {
			isa = PBXGroup;
			children = (
				C5ACF7C0261B15E700AB8BC7 /* ManufacturersViewModel.swift */,
				C5ACF7F5261B266300AB8BC7 /* CarModelsViewModel.swift */,
			);
			path = ViewModels;
			sourceTree = "<group>";
		};
		C5ACF7C6261B1C2B00AB8BC7 /* Router */ = {
			isa = PBXGroup;
			children = (
				C5ACF7C7261B1C4C00AB8BC7 /* UIViewController+Extension.swift */,
				C5ACF7CD261B1C6600AB8BC7 /* BaseRouterType.swift */,
				C5ACF7D1261B1C8500AB8BC7 /* AppRouterType.swift */,
			);
			path = Router;
			sourceTree = "<group>";
		};
		C5ACF7DB261B1E3100AB8BC7 /* ViewModelTests */ = {
			isa = PBXGroup;
			children = (
				C5ACF7E0261B1E5200AB8BC7 /* ManufacturersViewModelTests.swift */,
				C5ACF7F9261B282E00AB8BC7 /* CarModelsViewModelTests.swift */,
			);
			path = ViewModelTests;
			sourceTree = "<group>";
		};
		C5ACF7E4261B1E5600AB8BC7 /* OtherTests */ = {
			isa = PBXGroup;
			children = (
				C5ACF7E9261B1E8200AB8BC7 /* DecoderTests.swift */,
			);
			path = OtherTests;
			sourceTree = "<group>";
		};
		C5ACF801261B2D8C00AB8BC7 /* Stortyboards */ = {
			isa = PBXGroup;
			children = (
				C5ACF802261B2DAD00AB8BC7 /* Cars.storyboard */,
			);
			path = Stortyboards;
			sourceTree = "<group>";
		};
/* End PBXGroup section */

/* Begin PBXNativeTarget section */
		C5ACF6D5261ABC1700AB8BC7 /* MyCar */ = {
			isa = PBXNativeTarget;
			buildConfigurationList = C5ACF700261ABC1900AB8BC7 /* Build configuration list for PBXNativeTarget "MyCar" */;
			buildPhases = (
				C5ACF6D2261ABC1700AB8BC7 /* Sources */,
				C5ACF6D3261ABC1700AB8BC7 /* Frameworks */,
				C5ACF6D4261ABC1700AB8BC7 /* Resources */,
			);
			buildRules = (
			);
			dependencies = (
			);
			name = MyCar;
			packageProductDependencies = (
				C5ACF71F261ABDBA00AB8BC7 /* Swinject */,
				C5ACF730261ABF6400AB8BC7 /* RxSwift */,
				C5ACF734261ABF6400AB8BC7 /* RxRelay */,
				C5ACF736261ABF6400AB8BC7 /* RxCocoa */,
			);
			productName = MyCar;
			productReference = C5ACF6D6261ABC1700AB8BC7 /* MyCar.app */;
			productType = "com.apple.product-type.application";
		};
		C5ACF6EB261ABC1900AB8BC7 /* MyCarTests */ = {
			isa = PBXNativeTarget;
			buildConfigurationList = C5ACF703261ABC1900AB8BC7 /* Build configuration list for PBXNativeTarget "MyCarTests" */;
			buildPhases = (
				C5ACF6E8261ABC1900AB8BC7 /* Sources */,
				C5ACF6E9261ABC1900AB8BC7 /* Frameworks */,
				C5ACF6EA261ABC1900AB8BC7 /* Resources */,
			);
			buildRules = (
			);
			dependencies = (
				C5ACF6EE261ABC1900AB8BC7 /* PBXTargetDependency */,
			);
			name = MyCarTests;
			packageProductDependencies = (
				C5ACF73F261ABFD700AB8BC7 /* SwiftyMocky */,
			);
			productName = MyCarTests;
			productReference = C5ACF6EC261ABC1900AB8BC7 /* MyCarTests.xctest */;
			productType = "com.apple.product-type.bundle.unit-test";
		};
/* End PBXNativeTarget section */

/* Begin PBXProject section */
		C5ACF6CE261ABC1700AB8BC7 /* Project object */ = {
			isa = PBXProject;
			attributes = {
				LastSwiftUpdateCheck = 1240;
				LastUpgradeCheck = 1240;
				TargetAttributes = {
					C5ACF6D5261ABC1700AB8BC7 = {
						CreatedOnToolsVersion = 12.4;
					};
					C5ACF6EB261ABC1900AB8BC7 = {
						CreatedOnToolsVersion = 12.4;
						TestTargetID = C5ACF6D5261ABC1700AB8BC7;
					};
				};
			};
			buildConfigurationList = C5ACF6D1261ABC1700AB8BC7 /* Build configuration list for PBXProject "MyCar" */;
			compatibilityVersion = "Xcode 9.3";
			developmentRegion = en;
			hasScannedForEncodings = 0;
			knownRegions = (
				en,
				Base,
			);
			mainGroup = C5ACF6CD261ABC1700AB8BC7;
			packageReferences = (
				C5ACF71E261ABDBA00AB8BC7 /* XCRemoteSwiftPackageReference "Swinject" */,
				C5ACF724261ABDCE00AB8BC7 /* XCRemoteSwiftPackageReference "SwiftyMocky" */,
				C5ACF72F261ABF6400AB8BC7 /* XCRemoteSwiftPackageReference "RxSwift" */,
			);
			productRefGroup = C5ACF6D7261ABC1700AB8BC7 /* Products */;
			projectDirPath = "";
			projectRoot = "";
			targets = (
				C5ACF6D5261ABC1700AB8BC7 /* MyCar */,
				C5ACF6EB261ABC1900AB8BC7 /* MyCarTests */,
			);
		};
/* End PBXProject section */

/* Begin PBXResourcesBuildPhase section */
		C5ACF6D4261ABC1700AB8BC7 /* Resources */ = {
			isa = PBXResourcesBuildPhase;
			buildActionMask = 2147483647;
			files = (
				C5ACF7BA261B13F500AB8BC7 /* MyCarTableViewCell.xib in Resources */,
				C5ACF6E6261ABC1900AB8BC7 /* LaunchScreen.storyboard in Resources */,
				C5ACF6E3261ABC1900AB8BC7 /* Assets.xcassets in Resources */,
				C5ACF803261B2DAD00AB8BC7 /* Cars.storyboard in Resources */,
			);
			runOnlyForDeploymentPostprocessing = 0;
		};
		C5ACF6EA261ABC1900AB8BC7 /* Resources */ = {
			isa = PBXResourcesBuildPhase;
			buildActionMask = 2147483647;
			files = (
			);
			runOnlyForDeploymentPostprocessing = 0;
		};
/* End PBXResourcesBuildPhase section */

/* Begin PBXSourcesBuildPhase section */
		C5ACF6D2261ABC1700AB8BC7 /* Sources */ = {
			isa = PBXSourcesBuildPhase;
			buildActionMask = 2147483647;
			files = (
				C5ACF7C8261B1C4C00AB8BC7 /* UIViewController+Extension.swift in Sources */,
				C5ACF779261AD3B400AB8BC7 /* NetworkConstants.swift in Sources */,
				C5ACF797261AF17D00AB8BC7 /* ResponseDecoder.swift in Sources */,
				C5ACF7B6261B13C200AB8BC7 /* MyCarTableViewCell.swift in Sources */,
				C5ACF7C1261B15E700AB8BC7 /* ManufacturersViewModel.swift in Sources */,
				C5ACF793261AD95700AB8BC7 /* CarModelResponse.swift in Sources */,
				C5ACF7AB261B118C00AB8BC7 /* ManufacturersViewController.swift in Sources */,
				C5ACF76A261ACEAB00AB8BC7 /* HTTPNetworkError.swift in Sources */,
				C5ACF7CE261B1C6600AB8BC7 /* BaseRouterType.swift in Sources */,
				C5ACF6DA261ABC1700AB8BC7 /* AppDelegate.swift in Sources */,
				C5ACF76E261AD2EE00AB8BC7 /* AppManager.swift in Sources */,
				C5ACF6DC261ABC1700AB8BC7 /* SceneDelegate.swift in Sources */,
				C5ACF78B261AD82A00AB8BC7 /* ManufacturerResponse.swift in Sources */,
				C5ACF7D2261B1C8500AB8BC7 /* AppRouterType.swift in Sources */,
				C5ACF773261AD33900AB8BC7 /* AppAssembly.swift in Sources */,
				C5ACF77E261AD73E00AB8BC7 /* CarAPI.swift in Sources */,
				C5ACF74B261AC5CA00AB8BC7 /* NetworkClient.swift in Sources */,
				C5ACF7F6261B266300AB8BC7 /* CarModelsViewModel.swift in Sources */,
			);
			runOnlyForDeploymentPostprocessing = 0;
		};
		C5ACF6E8261ABC1900AB8BC7 /* Sources */ = {
			isa = PBXSourcesBuildPhase;
			buildActionMask = 2147483647;
			files = (
				C5ACF79B261AF8A400AB8BC7 /* Mock.generated.swift in Sources */,
				C5ACF7E1261B1E5200AB8BC7 /* ManufacturersViewModelTests.swift in Sources */,
				C5ACF7FA261B282E00AB8BC7 /* CarModelsViewModelTests.swift in Sources */,
				C5ACF7EA261B1E8200AB8BC7 /* DecoderTests.swift in Sources */,
				C5ACF6F1261ABC1900AB8BC7 /* MyCarTests.swift in Sources */,
			);
			runOnlyForDeploymentPostprocessing = 0;
		};
/* End PBXSourcesBuildPhase section */

/* Begin PBXTargetDependency section */
		C5ACF6EE261ABC1900AB8BC7 /* PBXTargetDependency */ = {
			isa = PBXTargetDependency;
			target = C5ACF6D5261ABC1700AB8BC7 /* MyCar */;
			targetProxy = C5ACF6ED261ABC1900AB8BC7 /* PBXContainerItemProxy */;
		};
/* End PBXTargetDependency section */

/* Begin PBXVariantGroup section */
		C5ACF6E4261ABC1900AB8BC7 /* LaunchScreen.storyboard */ = {
			isa = PBXVariantGroup;
			children = (
				C5ACF6E5261ABC1900AB8BC7 /* Base */,
			);
			name = LaunchScreen.storyboard;
			sourceTree = "<group>";
		};
/* End PBXVariantGroup section */

/* Begin XCBuildConfiguration section */
		C5ACF6FE261ABC1900AB8BC7 /* Debug */ = {
			isa = XCBuildConfiguration;
			buildSettings = {
				ALWAYS_SEARCH_USER_PATHS = NO;
				CLANG_ANALYZER_NONNULL = YES;
				CLANG_ANALYZER_NUMBER_OBJECT_CONVERSION = YES_AGGRESSIVE;
				CLANG_CXX_LANGUAGE_STANDARD = "gnu++14";
				CLANG_CXX_LIBRARY = "libc++";
				CLANG_ENABLE_MODULES = YES;
				CLANG_ENABLE_OBJC_ARC = YES;
				CLANG_ENABLE_OBJC_WEAK = YES;
				CLANG_WARN_BLOCK_CAPTURE_AUTORELEASING = YES;
				CLANG_WARN_BOOL_CONVERSION = YES;
				CLANG_WARN_COMMA = YES;
				CLANG_WARN_CONSTANT_CONVERSION = YES;
				CLANG_WARN_DEPRECATED_OBJC_IMPLEMENTATIONS = YES;
				CLANG_WARN_DIRECT_OBJC_ISA_USAGE = YES_ERROR;
				CLANG_WARN_DOCUMENTATION_COMMENTS = YES;
				CLANG_WARN_EMPTY_BODY = YES;
				CLANG_WARN_ENUM_CONVERSION = YES;
				CLANG_WARN_INFINITE_RECURSION = YES;
				CLANG_WARN_INT_CONVERSION = YES;
				CLANG_WARN_NON_LITERAL_NULL_CONVERSION = YES;
				CLANG_WARN_OBJC_IMPLICIT_RETAIN_SELF = YES;
				CLANG_WARN_OBJC_LITERAL_CONVERSION = YES;
				CLANG_WARN_OBJC_ROOT_CLASS = YES_ERROR;
				CLANG_WARN_QUOTED_INCLUDE_IN_FRAMEWORK_HEADER = YES;
				CLANG_WARN_RANGE_LOOP_ANALYSIS = YES;
				CLANG_WARN_STRICT_PROTOTYPES = YES;
				CLANG_WARN_SUSPICIOUS_MOVE = YES;
				CLANG_WARN_UNGUARDED_AVAILABILITY = YES_AGGRESSIVE;
				CLANG_WARN_UNREACHABLE_CODE = YES;
				CLANG_WARN__DUPLICATE_METHOD_MATCH = YES;
				COPY_PHASE_STRIP = NO;
				DEBUG_INFORMATION_FORMAT = dwarf;
				ENABLE_STRICT_OBJC_MSGSEND = YES;
				ENABLE_TESTABILITY = YES;
				GCC_C_LANGUAGE_STANDARD = gnu11;
				GCC_DYNAMIC_NO_PIC = NO;
				GCC_NO_COMMON_BLOCKS = YES;
				GCC_OPTIMIZATION_LEVEL = 0;
				GCC_PREPROCESSOR_DEFINITIONS = (
					"DEBUG=1",
					"$(inherited)",
				);
				GCC_WARN_64_TO_32_BIT_CONVERSION = YES;
				GCC_WARN_ABOUT_RETURN_TYPE = YES_ERROR;
				GCC_WARN_UNDECLARED_SELECTOR = YES;
				GCC_WARN_UNINITIALIZED_AUTOS = YES_AGGRESSIVE;
				GCC_WARN_UNUSED_FUNCTION = YES;
				GCC_WARN_UNUSED_VARIABLE = YES;
				IPHONEOS_DEPLOYMENT_TARGET = 14.4;
				MTL_ENABLE_DEBUG_INFO = INCLUDE_SOURCE;
				MTL_FAST_MATH = YES;
				ONLY_ACTIVE_ARCH = YES;
				SDKROOT = iphoneos;
				SWIFT_ACTIVE_COMPILATION_CONDITIONS = DEBUG;
				SWIFT_OPTIMIZATION_LEVEL = "-Onone";
			};
			name = Debug;
		};
		C5ACF6FF261ABC1900AB8BC7 /* Release */ = {
			isa = XCBuildConfiguration;
			buildSettings = {
				ALWAYS_SEARCH_USER_PATHS = NO;
				CLANG_ANALYZER_NONNULL = YES;
				CLANG_ANALYZER_NUMBER_OBJECT_CONVERSION = YES_AGGRESSIVE;
				CLANG_CXX_LANGUAGE_STANDARD = "gnu++14";
				CLANG_CXX_LIBRARY = "libc++";
				CLANG_ENABLE_MODULES = YES;
				CLANG_ENABLE_OBJC_ARC = YES;
				CLANG_ENABLE_OBJC_WEAK = YES;
				CLANG_WARN_BLOCK_CAPTURE_AUTORELEASING = YES;
				CLANG_WARN_BOOL_CONVERSION = YES;
				CLANG_WARN_COMMA = YES;
				CLANG_WARN_CONSTANT_CONVERSION = YES;
				CLANG_WARN_DEPRECATED_OBJC_IMPLEMENTATIONS = YES;
				CLANG_WARN_DIRECT_OBJC_ISA_USAGE = YES_ERROR;
				CLANG_WARN_DOCUMENTATION_COMMENTS = YES;
				CLANG_WARN_EMPTY_BODY = YES;
				CLANG_WARN_ENUM_CONVERSION = YES;
				CLANG_WARN_INFINITE_RECURSION = YES;
				CLANG_WARN_INT_CONVERSION = YES;
				CLANG_WARN_NON_LITERAL_NULL_CONVERSION = YES;
				CLANG_WARN_OBJC_IMPLICIT_RETAIN_SELF = YES;
				CLANG_WARN_OBJC_LITERAL_CONVERSION = YES;
				CLANG_WARN_OBJC_ROOT_CLASS = YES_ERROR;
				CLANG_WARN_QUOTED_INCLUDE_IN_FRAMEWORK_HEADER = YES;
				CLANG_WARN_RANGE_LOOP_ANALYSIS = YES;
				CLANG_WARN_STRICT_PROTOTYPES = YES;
				CLANG_WARN_SUSPICIOUS_MOVE = YES;
				CLANG_WARN_UNGUARDED_AVAILABILITY = YES_AGGRESSIVE;
				CLANG_WARN_UNREACHABLE_CODE = YES;
				CLANG_WARN__DUPLICATE_METHOD_MATCH = YES;
				COPY_PHASE_STRIP = NO;
				DEBUG_INFORMATION_FORMAT = "dwarf-with-dsym";
				ENABLE_NS_ASSERTIONS = NO;
				ENABLE_STRICT_OBJC_MSGSEND = YES;
				GCC_C_LANGUAGE_STANDARD = gnu11;
				GCC_NO_COMMON_BLOCKS = YES;
				GCC_WARN_64_TO_32_BIT_CONVERSION = YES;
				GCC_WARN_ABOUT_RETURN_TYPE = YES_ERROR;
				GCC_WARN_UNDECLARED_SELECTOR = YES;
				GCC_WARN_UNINITIALIZED_AUTOS = YES_AGGRESSIVE;
				GCC_WARN_UNUSED_FUNCTION = YES;
				GCC_WARN_UNUSED_VARIABLE = YES;
				IPHONEOS_DEPLOYMENT_TARGET = 14.4;
				MTL_ENABLE_DEBUG_INFO = NO;
				MTL_FAST_MATH = YES;
				SDKROOT = iphoneos;
				SWIFT_COMPILATION_MODE = wholemodule;
				SWIFT_OPTIMIZATION_LEVEL = "-O";
				VALIDATE_PRODUCT = YES;
			};
			name = Release;
		};
		C5ACF701261ABC1900AB8BC7 /* Debug */ = {
			isa = XCBuildConfiguration;
			buildSettings = {
				ASSETCATALOG_COMPILER_APPICON_NAME = AppIcon;
				ASSETCATALOG_COMPILER_GLOBAL_ACCENT_COLOR_NAME = AccentColor;
				CODE_SIGN_STYLE = Automatic;
				DEVELOPMENT_TEAM = S697MHC6W2;
				INFOPLIST_FILE = MyCar/Info.plist;
				LD_RUNPATH_SEARCH_PATHS = (
					"$(inherited)",
					"@executable_path/Frameworks",
				);
				PRODUCT_BUNDLE_IDENTIFIER = com.CodeChallenge.MyCar;
				PRODUCT_NAME = "$(TARGET_NAME)";
				SWIFT_VERSION = 5.0;
				TARGETED_DEVICE_FAMILY = 1;
			};
			name = Debug;
		};
		C5ACF702261ABC1900AB8BC7 /* Release */ = {
			isa = XCBuildConfiguration;
			buildSettings = {
				ASSETCATALOG_COMPILER_APPICON_NAME = AppIcon;
				ASSETCATALOG_COMPILER_GLOBAL_ACCENT_COLOR_NAME = AccentColor;
				CODE_SIGN_STYLE = Automatic;
				DEVELOPMENT_TEAM = S697MHC6W2;
				INFOPLIST_FILE = MyCar/Info.plist;
				LD_RUNPATH_SEARCH_PATHS = (
					"$(inherited)",
					"@executable_path/Frameworks",
				);
				PRODUCT_BUNDLE_IDENTIFIER = com.CodeChallenge.MyCar;
				PRODUCT_NAME = "$(TARGET_NAME)";
				SWIFT_VERSION = 5.0;
				TARGETED_DEVICE_FAMILY = 1;
			};
			name = Release;
		};
		C5ACF704261ABC1900AB8BC7 /* Debug */ = {
			isa = XCBuildConfiguration;
			buildSettings = {
				ALWAYS_EMBED_SWIFT_STANDARD_LIBRARIES = YES;
				BUNDLE_LOADER = "$(TEST_HOST)";
				CODE_SIGN_STYLE = Automatic;
				DEVELOPMENT_TEAM = S697MHC6W2;
				INFOPLIST_FILE = MyCarTests/Info.plist;
				IPHONEOS_DEPLOYMENT_TARGET = 14.4;
				LD_RUNPATH_SEARCH_PATHS = (
					"$(inherited)",
					"@executable_path/Frameworks",
					"@loader_path/Frameworks",
				);
				PRODUCT_BUNDLE_IDENTIFIER = "com.CodeChallenge.-MyCar.MyCarTests";
				PRODUCT_NAME = "$(TARGET_NAME)";
				SWIFT_VERSION = 5.0;
				TARGETED_DEVICE_FAMILY = "1,2";
				TEST_HOST = "$(BUILT_PRODUCTS_DIR)/MyCar.app/MyCar";
			};
			name = Debug;
		};
		C5ACF705261ABC1900AB8BC7 /* Release */ = {
			isa = XCBuildConfiguration;
			buildSettings = {
				ALWAYS_EMBED_SWIFT_STANDARD_LIBRARIES = YES;
				BUNDLE_LOADER = "$(TEST_HOST)";
				CODE_SIGN_STYLE = Automatic;
				DEVELOPMENT_TEAM = S697MHC6W2;
				INFOPLIST_FILE = MyCarTests/Info.plist;
				IPHONEOS_DEPLOYMENT_TARGET = 14.4;
				LD_RUNPATH_SEARCH_PATHS = (
					"$(inherited)",
					"@executable_path/Frameworks",
					"@loader_path/Frameworks",
				);
				PRODUCT_BUNDLE_IDENTIFIER = "com.CodeChallenge.-MyCar.MyCarTests";
				PRODUCT_NAME = "$(TARGET_NAME)";
				SWIFT_VERSION = 5.0;
				TARGETED_DEVICE_FAMILY = "1,2";
				TEST_HOST = "$(BUILT_PRODUCTS_DIR)/MyCar.app/MyCar";
			};
			name = Release;
		};
/* End XCBuildConfiguration section */

/* Begin XCConfigurationList section */
		C5ACF6D1261ABC1700AB8BC7 /* Build configuration list for PBXProject "MyCar" */ = {
			isa = XCConfigurationList;
			buildConfigurations = (
				C5ACF6FE261ABC1900AB8BC7 /* Debug */,
				C5ACF6FF261ABC1900AB8BC7 /* Release */,
			);
			defaultConfigurationIsVisible = 0;
			defaultConfigurationName = Release;
		};
		C5ACF700261ABC1900AB8BC7 /* Build configuration list for PBXNativeTarget "MyCar" */ = {
			isa = XCConfigurationList;
			buildConfigurations = (
				C5ACF701261ABC1900AB8BC7 /* Debug */,
				C5ACF702261ABC1900AB8BC7 /* Release */,
			);
			defaultConfigurationIsVisible = 0;
			defaultConfigurationName = Release;
		};
		C5ACF703261ABC1900AB8BC7 /* Build configuration list for PBXNativeTarget "MyCarTests" */ = {
			isa = XCConfigurationList;
			buildConfigurations = (
				C5ACF704261ABC1900AB8BC7 /* Debug */,
				C5ACF705261ABC1900AB8BC7 /* Release */,
			);
			defaultConfigurationIsVisible = 0;
			defaultConfigurationName = Release;
		};
/* End XCConfigurationList section */

/* Begin XCRemoteSwiftPackageReference section */
		C5ACF71E261ABDBA00AB8BC7 /* XCRemoteSwiftPackageReference "Swinject" */ = {
			isa = XCRemoteSwiftPackageReference;
			repositoryURL = "https://github.com/Swinject/Swinject.git";
			requirement = {
				kind = upToNextMajorVersion;
				minimumVersion = 2.7.1;
			};
		};
		C5ACF724261ABDCE00AB8BC7 /* XCRemoteSwiftPackageReference "SwiftyMocky" */ = {
			isa = XCRemoteSwiftPackageReference;
			repositoryURL = "https://github.com/MakeAWishFoundation/SwiftyMocky";
			requirement = {
				kind = upToNextMajorVersion;
				minimumVersion = 4.0.4;
			};
		};
		C5ACF72F261ABF6400AB8BC7 /* XCRemoteSwiftPackageReference "RxSwift" */ = {
			isa = XCRemoteSwiftPackageReference;
			repositoryURL = "https://github.com/ReactiveX/RxSwift.git";
			requirement = {
				kind = upToNextMajorVersion;
				minimumVersion = 6.1.0;
			};
		};
/* End XCRemoteSwiftPackageReference section */

/* Begin XCSwiftPackageProductDependency section */
		C5ACF71F261ABDBA00AB8BC7 /* Swinject */ = {
			isa = XCSwiftPackageProductDependency;
			package = C5ACF71E261ABDBA00AB8BC7 /* XCRemoteSwiftPackageReference "Swinject" */;
			productName = Swinject;
		};
		C5ACF730261ABF6400AB8BC7 /* RxSwift */ = {
			isa = XCSwiftPackageProductDependency;
			package = C5ACF72F261ABF6400AB8BC7 /* XCRemoteSwiftPackageReference "RxSwift" */;
			productName = RxSwift;
		};
		C5ACF734261ABF6400AB8BC7 /* RxRelay */ = {
			isa = XCSwiftPackageProductDependency;
			package = C5ACF72F261ABF6400AB8BC7 /* XCRemoteSwiftPackageReference "RxSwift" */;
			productName = RxRelay;
		};
		C5ACF736261ABF6400AB8BC7 /* RxCocoa */ = {
			isa = XCSwiftPackageProductDependency;
			package = C5ACF72F261ABF6400AB8BC7 /* XCRemoteSwiftPackageReference "RxSwift" */;
			productName = RxCocoa;
		};
		C5ACF73F261ABFD700AB8BC7 /* SwiftyMocky */ = {
			isa = XCSwiftPackageProductDependency;
			package = C5ACF724261ABDCE00AB8BC7 /* XCRemoteSwiftPackageReference "SwiftyMocky" */;
			productName = SwiftyMocky;
		};
/* End XCSwiftPackageProductDependency section */
	};
	rootObject = C5ACF6CE261ABC1700AB8BC7 /* Project object */;
}
